
Microsoft Visual Studio Solution File, Format Version 12.00
# Visual Studio Version 17
VisualStudioVersion = 17.5.33424.131
MinimumVisualStudioVersion = 10.0.40219.1
Project("{FAE04EC0-301F-11D3-BF4B-00C04F79EFBC}") = "GameUI", "GameUI\GameUI.csproj", "{84B4EDB5-322F-4922-8F00-FDDD80E8AA60}"
EndProject
Project("{FAE04EC0-301F-11D3-BF4B-00C04F79EFBC}") = "BattleshipLibrary", "BattleshipLibrary\BattleshipLibrary.csproj", "{DE4ABC3D-83CA-4474-86FB-D6AF79241941}"
EndProject
Global
	GlobalSection(SolutionConfigurationPlatforms) = preSolution
		Debug|Any CPU = Debug|Any CPU
		Release|Any CPU = Release|Any CPU
	EndGlobalSection
	GlobalSection(ProjectConfigurationPlatforms) = postSolution
		{84B4EDB5-322F-4922-8F00-FDDD80E8AA60}.Debug|Any CPU.ActiveCfg = Debug|Any CPU
		{84B4EDB5-322F-4922-8F00-FDDD80E8AA60}.Debug|Any CPU.Build.0 = Debug|Any CPU
		{84B4EDB5-322F-4922-8F00-FDDD80E8AA60}.Release|Any CPU.ActiveCfg = Release|Any CPU
		{84B4EDB5-322F-4922-8F00-FDDD80E8AA60}.Release|Any CPU.Build.0 = Release|Any CPU
		{DE4ABC3D-83CA-4474-86FB-D6AF79241941}.Debug|Any CPU.ActiveCfg = Debug|Any CPU
		{DE4ABC3D-83CA-4474-86FB-D6AF79241941}.Debug|Any CPU.Build.0 = Debug|Any CPU
		{DE4ABC3D-83CA-4474-86FB-D6AF79241941}.Release|Any CPU.ActiveCfg = Release|Any CPU
		{DE4ABC3D-83CA-4474-86FB-D6AF79241941}.Release|Any CPU.Build.0 = Release|Any CPU
	EndGlobalSection
	GlobalSection(SolutionProperties) = preSolution
		HideSolutionNode = FALSE
	EndGlobalSection
	GlobalSection(ExtensibilityGlobals) = postSolution
		SolutionGuid = {F059CA58-3246-4F12-B0CF-436EC53E7FEA}
	EndGlobalSection
EndGlobal
